{
    "name": "web",
    "version": "1.0.0",
    "lockfileVersion": 1,
    "requires": true,
    "dependencies": {
        "@types/jest": {
            "version": "24.0.18",
            "resolved": "https://registry.npmjs.org/@types/jest/-/jest-24.0.18.tgz",
            "integrity": "sha512-jcDDXdjTcrQzdN06+TSVsPPqxvsZA/5QkYfIZlq1JMw7FdP5AZylbOc+6B/cuDurctRe+MziUMtQ3xQdrbjqyQ==",
            "requires": {
                "@types/jest-diff": "*"
            }
        },
        "@types/jest-diff": {
            "version": "20.0.1",
            "resolved": "https://registry.npmjs.org/@types/jest-diff/-/jest-diff-20.0.1.tgz",
            "integrity": "sha512-yALhelO3i0hqZwhjtcr6dYyaLoCHbAMshwtj6cGxTvHZAKXHsYGdff6E8EPw3xLKY0ELUTQ69Q1rQiJENnccMA=="
        },
        "@types/jquery": {
            "version": "3.3.31",
            "resolved": "https://registry.npmjs.org/@types/jquery/-/jquery-3.3.31.tgz",
            "integrity": "sha512-Lz4BAJihoFw5nRzKvg4nawXPzutkv7wmfQ5121avptaSIXlDNJCUuxZxX/G+9EVidZGuO0UBlk+YjKbwRKJigg==",
            "requires": {
                "@types/sizzle": "*"
            }
        },
        "@types/sizzle": {
            "version": "2.3.2",
            "resolved": "https://registry.npmjs.org/@types/sizzle/-/sizzle-2.3.2.tgz",
            "integrity": "sha512-7EJYyKTL7tFR8+gDbB6Wwz/arpGa0Mywk1TJbNzKzHtzbwVmY4HR9WqS5VV7dsBUKQmPNr192jHr/VpBluj/hg=="
        },
        "bootstrap": {
            "version": "3.4.1",
            "resolved": "https://registry.npmjs.org/bootstrap/-/bootstrap-3.4.1.tgz",
            "integrity": "sha512-yN5oZVmRCwe5aKwzRj6736nSmKDX7pLYwsXiCj/EYmo16hODaBiT4En5btW/jhBF/seV+XMx3aYwukYC3A49DA=="
        },
        "commander": {
            "version": "2.20.0",
            "resolved": "https://registry.npmjs.org/commander/-/commander-2.20.0.tgz",
            "integrity": "sha512-7j2y+40w61zy6YC2iRNpUe/NwhNyoXrYpHMrSunaMG64nRnaf96zO/KMQR4OyN/UnE5KLyEBnKHd4aG3rskjpQ==",
            "optional": true
        },
        "handlebars": {
            "version": "4.3.0",
            "resolved": "https://registry.npmjs.org/handlebars/-/handlebars-4.3.0.tgz",
            "integrity": "sha512-7XlnO8yBXOdi7AzowjZssQr47Ctidqm7GbgARapOaqSN9HQhlClnOkR9HieGauIT3A8MBC6u9wPCXs97PCYpWg==",
            "requires": {
                "neo-async": "^2.6.0",
                "optimist": "^0.6.1",
                "source-map": "^0.6.1",
                "uglify-js": "^3.1.4"
            }
        },
        "jasmine-core": {
            "version": "3.5.0",
            "resolved": "https://registry.npmjs.org/jasmine-core/-/jasmine-core-3.5.0.tgz",
            "integrity": "sha512-nCeAiw37MIMA9w9IXso7bRaLl+c/ef3wnxsoSAlYrzS+Ot0zTG6nU8G/cIfGkqpkjX2wNaIW9RFG0TwIFnG6bA=="
        },
        "jquery": {
            "version": "3.4.1",
            "resolved": "https://registry.npmjs.org/jquery/-/jquery-3.4.1.tgz",
            "integrity": "sha512-36+AdBzCL+y6qjw5Tx7HgzeGCzC81MDDgaUP8ld2zhx58HdqXGoBd+tHdrBMiyjGQs0Hxs/MLZTu/eHNJJuWPw=="
        },
        "minimist": {
            "version": "0.0.10",
            "resolved": "https://registry.npmjs.org/minimist/-/minimist-0.0.10.tgz",
            "integrity": "sha1-3j+YVD2/lggr5IrRoMfNqDYwHc8="
        },
        "neo-async": {
            "version": "2.6.1",
            "resolved": "https://registry.npmjs.org/neo-async/-/neo-async-2.6.1.tgz",
            "integrity": "sha512-iyam8fBuCUpWeKPGpaNMetEocMt364qkCsfL9JuhjXX6dRnguRVOfk2GZaDpPjcOKiiXCPINZC1GczQ7iTq3Zw=="
        },
        "optimist": {
            "version": "0.6.1",
            "resolved": "https://registry.npmjs.org/optimist/-/optimist-0.6.1.tgz",
            "integrity": "sha1-2j6nRob6IaGaERwybpDrFaAZZoY=",
            "requires": {
                "minimist": "~0.0.1",
                "wordwrap": "~0.0.2"
            }
        },
        "source-map": {
            "version": "0.6.1",
            "resolved": "https://registry.npmjs.org/source-map/-/source-map-0.6.1.tgz",
            "integrity": "sha512-UjgapumWlbMhkBgzT7Ykc5YXUT46F0iKu8SGXq0bcwP5dz/h0Plj6enJqjz1Zbq2l5WaqYnrVbwWOWMyF3F47g=="
        },
        "typescript": {
            "version": "3.6.3",
            "resolved": "https://registry.npmjs.org/typescript/-/typescript-3.6.3.tgz",
            "integrity": "sha512-N7bceJL1CtRQ2RiG0AQME13ksR7DiuQh/QehubYcghzv20tnh+MQnQIuJddTmsbqYj+dztchykemz0zFzlvdQw=="
        },
        "uglify-js": {
            "version": "3.6.0",
            "resolved": "https://registry.npmjs.org/uglify-js/-/uglify-js-3.6.0.tgz",
            "integrity": "sha512-W+jrUHJr3DXKhrsS7NUVxn3zqMOFn0hL/Ei6v0anCIMoKC93TjcflTagwIHLW7SfMFfiQuktQyFVCFHGUE0+yg==",
            "optional": true,
            "requires": {
                "commander": "~2.20.0",
                "source-map": "~0.6.1"
            }
        },
        "wordwrap": {
            "version": "0.0.3",
            "resolved": "https://registry.npmjs.org/wordwrap/-/wordwrap-0.0.3.tgz",
            "integrity": "sha1-o9XabNXAvAAI03I0u68b7WMFkQc="
        }
    }
}
